
Microsoft Visual Studio Solution File, Format Version 12.00
# Visual Studio 15
VisualStudioVersion = 15.0.28010.2003
MinimumVisualStudioVersion = 10.0.40219.1
Project("{FAE04EC0-301F-11D3-BF4B-00C04F79EFBC}") = "WebLibrary", "WebLibrary\WebLibrary.csproj", "{EA3E331A-5AAA-491B-BE1D-92D7326F5CED}"
EndProject
Global
	GlobalSection(SolutionConfigurationPlatforms) = preSolution
		Debug|Any CPU = Debug|Any CPU
		Release|Any CPU = Release|Any CPU
	EndGlobalSection
	GlobalSection(ProjectConfigurationPlatforms) = postSolution
		{EA3E331A-5AAA-491B-BE1D-92D7326F5CED}.Debug|Any CPU.ActiveCfg = Debug|Any CPU
		{EA3E331A-5AAA-491B-BE1D-92D7326F5CED}.Debug|Any CPU.Build.0 = Debug|Any CPU
		{EA3E331A-5AAA-491B-BE1D-92D7326F5CED}.Release|Any CPU.ActiveCfg = Release|Any CPU
		{EA3E331A-5AAA-491B-BE1D-92D7326F5CED}.Release|Any CPU.Build.0 = Release|Any CPU
	EndGlobalSection
	GlobalSection(SolutionProperties) = preSolution
		HideSolutionNode = FALSE
	EndGlobalSection
	GlobalSection(ExtensibilityGlobals) = postSolution
		SolutionGuid = {C1D8AAE8-7DFC-4558-9889-967C90BE157D}
	EndGlobalSection
EndGlobal
